
Microsoft Visual Studio Solution File, Format Version 12.00
# Visual Studio Version 17
VisualStudioVersion = 17.7.34221.43
MinimumVisualStudioVersion = 10.0.40219.1
Project("{FAE04EC0-301F-11D3-BF4B-00C04F79EFBC}") = "kitapModel", "kitapModel\kitapModel.csproj", "{4D42C00C-D0A1-4546-A170-FA412A273B6C}"
EndProject
Global
	GlobalSection(SolutionConfigurationPlatforms) = preSolution
		Debug|Any CPU = Debug|Any CPU
		Release|Any CPU = Release|Any CPU
	EndGlobalSection
	GlobalSection(ProjectConfigurationPlatforms) = postSolution
		{4D42C00C-D0A1-4546-A170-FA412A273B6C}.Debug|Any CPU.ActiveCfg = Debug|Any CPU
		{4D42C00C-D0A1-4546-A170-FA412A273B6C}.Debug|Any CPU.Build.0 = Debug|Any CPU
		{4D42C00C-D0A1-4546-A170-FA412A273B6C}.Release|Any CPU.ActiveCfg = Release|Any CPU
		{4D42C00C-D0A1-4546-A170-FA412A273B6C}.Release|Any CPU.Build.0 = Release|Any CPU
	EndGlobalSection
	GlobalSection(SolutionProperties) = preSolution
		HideSolutionNode = FALSE
	EndGlobalSection
	GlobalSection(ExtensibilityGlobals) = postSolution
		SolutionGuid = {28DBB696-104B-4616-A1B5-04CA6A6FCBFA}
	EndGlobalSection
EndGlobal
